
Microsoft Visual Studio Solution File, Format Version 12.00
# Visual Studio Version 17
VisualStudioVersion = 17.14.36327.8 d17.14
MinimumVisualStudioVersion = 10.0.40219.1
Project("{FAE04EC0-301F-11D3-BF4B-00C04F79EFBC}") = "AwsAppFileSystem", "AwsAppFileSystem.csproj", "{0F3AFD83-0D65-7C26-2442-2C2DDCA2EA65}"
EndProject
Project("{FAE04EC0-301F-11D3-BF4B-00C04F79EFBC}") = "AwsAppFileSystem.Tests", "..\AwsAppFileSystem.Tests\AwsAppFileSystem.Tests.csproj", "{434F9BD8-D931-6260-7994-B1B978BE00A8}"
EndProject
Global
	GlobalSection(SolutionConfigurationPlatforms) = preSolution
		Debug|Any CPU = Debug|Any CPU
		Release|Any CPU = Release|Any CPU
	EndGlobalSection
	GlobalSection(ProjectConfigurationPlatforms) = postSolution
		{0F3AFD83-0D65-7C26-2442-2C2DDCA2EA65}.Debug|Any CPU.ActiveCfg = Debug|Any CPU
		{0F3AFD83-0D65-7C26-2442-2C2DDCA2EA65}.Debug|Any CPU.Build.0 = Debug|Any CPU
		{0F3AFD83-0D65-7C26-2442-2C2DDCA2EA65}.Release|Any CPU.ActiveCfg = Release|Any CPU
		{0F3AFD83-0D65-7C26-2442-2C2DDCA2EA65}.Release|Any CPU.Build.0 = Release|Any CPU
		{434F9BD8-D931-6260-7994-B1B978BE00A8}.Debug|Any CPU.ActiveCfg = Debug|Any CPU
		{434F9BD8-D931-6260-7994-B1B978BE00A8}.Debug|Any CPU.Build.0 = Debug|Any CPU
		{434F9BD8-D931-6260-7994-B1B978BE00A8}.Release|Any CPU.ActiveCfg = Release|Any CPU
		{434F9BD8-D931-6260-7994-B1B978BE00A8}.Release|Any CPU.Build.0 = Release|Any CPU
	EndGlobalSection
	GlobalSection(SolutionProperties) = preSolution
		HideSolutionNode = FALSE
	EndGlobalSection
	GlobalSection(ExtensibilityGlobals) = postSolution
		SolutionGuid = {45F63F59-3967-4155-A3FD-D85B3933B3AD}
	EndGlobalSection
EndGlobal
